
Microsoft Visual Studio Solution File, Format Version 12.00
# Visual Studio Version 17
VisualStudioVersion = 17.1.32421.90
MinimumVisualStudioVersion = 10.0.40219.1
Project("{FAE04EC0-301F-11D3-BF4B-00C04F79EFBC}") = "observer1", "observer1\observer1.csproj", "{FD5D5B5F-5D15-4D37-9FEA-4927516BBC51}"
EndProject
Global
	GlobalSection(SolutionConfigurationPlatforms) = preSolution
		Debug|Any CPU = Debug|Any CPU
		Release|Any CPU = Release|Any CPU
	EndGlobalSection
	GlobalSection(ProjectConfigurationPlatforms) = postSolution
		{FD5D5B5F-5D15-4D37-9FEA-4927516BBC51}.Debug|Any CPU.ActiveCfg = Debug|Any CPU
		{FD5D5B5F-5D15-4D37-9FEA-4927516BBC51}.Debug|Any CPU.Build.0 = Debug|Any CPU
		{FD5D5B5F-5D15-4D37-9FEA-4927516BBC51}.Release|Any CPU.ActiveCfg = Release|Any CPU
		{FD5D5B5F-5D15-4D37-9FEA-4927516BBC51}.Release|Any CPU.Build.0 = Release|Any CPU
	EndGlobalSection
	GlobalSection(SolutionProperties) = preSolution
		HideSolutionNode = FALSE
	EndGlobalSection
	GlobalSection(ExtensibilityGlobals) = postSolution
		SolutionGuid = {AA4920A4-EE89-44D9-B0F9-E9D11C19E214}
	EndGlobalSection
EndGlobal
