
Microsoft Visual Studio Solution File, Format Version 12.00
# Visual Studio Version 17
VisualStudioVersion = 17.1.32421.90
MinimumVisualStudioVersion = 10.0.40219.1
Project("{FAE04EC0-301F-11D3-BF4B-00C04F79EFBC}") = "ConsoleApp6", "ConsoleApp6\ConsoleApp6.csproj", "{DB83E4C7-E5FF-48C6-9E13-884B1D07E09B}"
EndProject
Global
	GlobalSection(SolutionConfigurationPlatforms) = preSolution
		Debug|Any CPU = Debug|Any CPU
		Release|Any CPU = Release|Any CPU
	EndGlobalSection
	GlobalSection(ProjectConfigurationPlatforms) = postSolution
		{DB83E4C7-E5FF-48C6-9E13-884B1D07E09B}.Debug|Any CPU.ActiveCfg = Debug|Any CPU
		{DB83E4C7-E5FF-48C6-9E13-884B1D07E09B}.Debug|Any CPU.Build.0 = Debug|Any CPU
		{DB83E4C7-E5FF-48C6-9E13-884B1D07E09B}.Release|Any CPU.ActiveCfg = Release|Any CPU
		{DB83E4C7-E5FF-48C6-9E13-884B1D07E09B}.Release|Any CPU.Build.0 = Release|Any CPU
	EndGlobalSection
	GlobalSection(SolutionProperties) = preSolution
		HideSolutionNode = FALSE
	EndGlobalSection
	GlobalSection(ExtensibilityGlobals) = postSolution
		SolutionGuid = {E030B4B9-63B9-4D70-90F1-040D58B6B233}
	EndGlobalSection
EndGlobal
